<?xml version="1.0" encoding="utf-8"?>
<Project ToolsVersion="4.0" xmlns="http://schemas.microsoft.com/developer/msbuild/2003">
  <ItemGroup>
    <Filter Include="Pliki źródłowe">
      <UniqueIdentifier>{4FC737F1-C7A5-4376-A066-2A32D752A2FF}</UniqueIdentifier>
      <Extensions>cpp;c;cc;cxx;c++;cppm;ixx;def;odl;idl;hpj;bat;asm;asmx</Extensions>
    </Filter>
    <Filter Include="Pliki nagłówkowe">
      <UniqueIdentifier>{93995380-89BD-4b04-88EB-625FBE52EBFB}</UniqueIdentifier>
      <Extensions>h;hh;hpp;hxx;h++;hm;inl;inc;ipp;xsd</Extensions>
    </Filter>
    <Filter Include="Pliki zasobów">
      <UniqueIdentifier>{67DA6AB6-F800-4c08-8B7A-83BB121AAD01}</UniqueIdentifier>
      <Extensions>rc;ico;cur;bmp;dlg;rc2;rct;bin;rgs;gif;jpg;jpeg;jpe;resx;tiff;tif;png;wav;mfcribbon-ms</Extensions>
    </Filter>
  </ItemGroup>
  <ItemGroup>
    <ClCompile Include="External\box2d\src\collision\b2_broad_phase.cpp">
      <Filter>Pliki zasobów</Filter>
    </ClCompile>
    <ClCompile Include="External\box2d\src\collision\b2_chain_shape.cpp">
      <Filter>Pliki zasobów</Filter>
    </ClCompile>
    <ClCompile Include="External\box2d\src\collision\b2_circle_shape.cpp">
      <Filter>Pliki zasobów</Filter>
    </ClCompile>
    <ClCompile Include="External\box2d\src\collision\b2_collide_circle.cpp">
      <Filter>Pliki zasobów</Filter>
    </ClCompile>
    <ClCompile Include="External\box2d\src\collision\b2_collide_edge.cpp">
      <Filter>Pliki zasobów</Filter>
    </ClCompile>
    <ClCompile Include="External\box2d\src\collision\b2_collide_polygon.cpp">
      <Filter>Pliki zasobów</Filter>
    </ClCompile>
    <ClCompile Include="External\box2d\src\collision\b2_collision.cpp">
      <Filter>Pliki zasobów</Filter>
    </ClCompile>
    <ClCompile Include="External\box2d\src\collision\b2_distance.cpp">
      <Filter>Pliki zasobów</Filter>
    </ClCompile>
    <ClCompile Include="External\box2d\src\collision\b2_dynamic_tree.cpp">
      <Filter>Pliki zasobów</Filter>
    </ClCompile>
    <ClCompile Include="External\box2d\src\collision\b2_edge_shape.cpp">
      <Filter>Pliki zasobów</Filter>
    </ClCompile>
    <ClCompile Include="External\box2d\src\collision\b2_polygon_shape.cpp">
      <Filter>Pliki zasobów</Filter>
    </ClCompile>
    <ClCompile Include="External\box2d\src\collision\b2_time_of_impact.cpp">
      <Filter>Pliki zasobów</Filter>
    </ClCompile>
    <ClCompile Include="External\box2d\src\common\b2_block_allocator.cpp">
      <Filter>Pliki zasobów</Filter>
    </ClCompile>
    <ClCompile Include="External\box2d\src\common\b2_draw.cpp">
      <Filter>Pliki zasobów</Filter>
    </ClCompile>
    <ClCompile Include="External\box2d\src\common\b2_math.cpp">
      <Filter>Pliki zasobów</Filter>
    </ClCompile>
    <ClCompile Include="External\box2d\src\common\b2_settings.cpp">
      <Filter>Pliki zasobów</Filter>
    </ClCompile>
    <ClCompile Include="External\box2d\src\common\b2_stack_allocator.cpp">
      <Filter>Pliki zasobów</Filter>
    </ClCompile>
    <ClCompile Include="External\box2d\src\common\b2_timer.cpp">
      <Filter>Pliki zasobów</Filter>
    </ClCompile>
    <ClCompile Include="External\box2d\src\dynamics\b2_body.cpp">
      <Filter>Pliki zasobów</Filter>
    </ClCompile>
    <ClCompile Include="External\box2d\src\dynamics\b2_chain_circle_contact.cpp">
      <Filter>Pliki zasobów</Filter>
    </ClCompile>
    <ClCompile Include="External\box2d\src\dynamics\b2_chain_polygon_contact.cpp">
      <Filter>Pliki zasobów</Filter>
    </ClCompile>
    <ClCompile Include="External\box2d\src\dynamics\b2_circle_contact.cpp">
      <Filter>Pliki zasobów</Filter>
    </ClCompile>
    <ClCompile Include="External\box2d\src\dynamics\b2_contact.cpp">
      <Filter>Pliki zasobów</Filter>
    </ClCompile>
    <ClCompile Include="External\box2d\src\dynamics\b2_contact_manager.cpp">
      <Filter>Pliki zasobów</Filter>
    </ClCompile>
    <ClCompile Include="External\box2d\src\dynamics\b2_contact_solver.cpp">
      <Filter>Pliki zasobów</Filter>
    </ClCompile>
    <ClCompile Include="External\box2d\src\dynamics\b2_distance_joint.cpp">
      <Filter>Pliki zasobów</Filter>
    </ClCompile>
    <ClCompile Include="External\box2d\src\dynamics\b2_edge_circle_contact.cpp">
      <Filter>Pliki zasobów</Filter>
    </ClCompile>
    <ClCompile Include="External\box2d\src\dynamics\b2_edge_polygon_contact.cpp">
      <Filter>Pliki zasobów</Filter>
    </ClCompile>
    <ClCompile Include="External\box2d\src\dynamics\b2_fixture.cpp">
      <Filter>Pliki zasobów</Filter>
    </ClCompile>
    <ClCompile Include="External\box2d\src\dynamics\b2_friction_joint.cpp">
      <Filter>Pliki zasobów</Filter>
    </ClCompile>
    <ClCompile Include="External\box2d\src\dynamics\b2_gear_joint.cpp">
      <Filter>Pliki zasobów</Filter>
    </ClCompile>
    <ClCompile Include="External\box2d\src\dynamics\b2_island.cpp">
      <Filter>Pliki zasobów</Filter>
    </ClCompile>
    <ClCompile Include="External\box2d\src\dynamics\b2_joint.cpp">
      <Filter>Pliki zasobów</Filter>
    </ClCompile>
    <ClCompile Include="External\box2d\src\dynamics\b2_motor_joint.cpp">
      <Filter>Pliki zasobów</Filter>
    </ClCompile>
    <ClCompile Include="External\box2d\src\dynamics\b2_mouse_joint.cpp">
      <Filter>Pliki zasobów</Filter>
    </ClCompile>
    <ClCompile Include="External\box2d\src\dynamics\b2_polygon_circle_contact.cpp">
      <Filter>Pliki zasobów</Filter>
    </ClCompile>
    <ClCompile Include="External\box2d\src\dynamics\b2_polygon_contact.cpp">
      <Filter>Pliki zasobów</Filter>
    </ClCompile>
    <ClCompile Include="External\box2d\src\dynamics\b2_prismatic_joint.cpp">
      <Filter>Pliki zasobów</Filter>
    </ClCompile>
    <ClCompile Include="External\box2d\src\dynamics\b2_pulley_joint.cpp">
      <Filter>Pliki zasobów</Filter>
    </ClCompile>
    <ClCompile Include="External\box2d\src\dynamics\b2_revolute_joint.cpp">
      <Filter>Pliki zasobów</Filter>
    </ClCompile>
    <ClCompile Include="External\box2d\src\dynamics\b2_weld_joint.cpp">
      <Filter>Pliki zasobów</Filter>
    </ClCompile>
    <ClCompile Include="External\box2d\src\dynamics\b2_wheel_joint.cpp">
      <Filter>Pliki zasobów</Filter>
    </ClCompile>
    <ClCompile Include="External\box2d\src\dynamics\b2_world.cpp">
      <Filter>Pliki zasobów</Filter>
    </ClCompile>
    <ClCompile Include="External\box2d\src\dynamics\b2_world_callbacks.cpp">
      <Filter>Pliki zasobów</Filter>
    </ClCompile>
    <ClCompile Include="External\box2d\src\rope\b2_rope.cpp">
      <Filter>Pliki zasobów</Filter>
    </ClCompile>
    <ClCompile Include="src\contact_listener.cpp">
      <Filter>Pliki źródłowe</Filter>
    </ClCompile>
    <ClCompile Include="src\level.cpp">
      <Filter>Pliki źródłowe</Filter>
    </ClCompile>
    <ClCompile Include="src\main.cpp">
      <Filter>Pliki źródłowe</Filter>
    </ClCompile>
    <ClCompile Include="src\screen.cpp">
      <Filter>Pliki źródłowe</Filter>
    </ClCompile>
    <ClCompile Include="src\simulated_object.cpp">
      <Filter>Pliki źródłowe</Filter>
    </ClCompile>
    <ClCompile Include="src\throwable.cpp">
      <Filter>Pliki źródłowe</Filter>
    </ClCompile>
    <ClCompile Include="src\button.cpp">
      <Filter>Pliki źródłowe</Filter>
    </ClCompile>
  </ItemGroup>
  <ItemGroup>
    <ClInclude Include="External\box2d\src\dynamics\b2_chain_circle_contact.h">
      <Filter>Pliki zasobów</Filter>
    </ClInclude>
    <ClInclude Include="External\box2d\src\dynamics\b2_chain_polygon_contact.h">
      <Filter>Pliki zasobów</Filter>
    </ClInclude>
    <ClInclude Include="External\box2d\src\dynamics\b2_circle_contact.h">
      <Filter>Pliki zasobów</Filter>
    </ClInclude>
    <ClInclude Include="External\box2d\src\dynamics\b2_contact_solver.h">
      <Filter>Pliki zasobów</Filter>
    </ClInclude>
    <ClInclude Include="External\box2d\src\dynamics\b2_edge_circle_contact.h">
      <Filter>Pliki zasobów</Filter>
    </ClInclude>
    <ClInclude Include="External\box2d\src\dynamics\b2_edge_polygon_contact.h">
      <Filter>Pliki zasobów</Filter>
    </ClInclude>
    <ClInclude Include="External\box2d\src\dynamics\b2_island.h">
      <Filter>Pliki zasobów</Filter>
    </ClInclude>
    <ClInclude Include="External\box2d\src\dynamics\b2_polygon_circle_contact.h">
      <Filter>Pliki zasobów</Filter>
    </ClInclude>
    <ClInclude Include="External\box2d\src\dynamics\b2_polygon_contact.h">
      <Filter>Pliki zasobów</Filter>
    </ClInclude>
    <ClInclude Include="src\throwable.h">
      <Filter>Pliki nagłówkowe</Filter>
    </ClInclude>
    <ClInclude Include="src\button.h">
      <Filter>Pliki nagłówkowe</Filter>
    </ClInclude>
    <ClInclude Include="src\contact_listener.h">
      <Filter>Pliki nagłówkowe</Filter>
    </ClInclude>
    <ClInclude Include="src\converter.h">
      <Filter>Pliki nagłówkowe</Filter>
    </ClInclude>
    <ClInclude Include="src\level.h">
      <Filter>Pliki nagłówkowe</Filter>
    </ClInclude>
    <ClInclude Include="src\screen.h">
      <Filter>Pliki nagłówkowe</Filter>
    </ClInclude>
    <ClInclude Include="src\simulated_object.h">
      <Filter>Pliki nagłówkowe</Filter>
    </ClInclude>
  </ItemGroup>
  <ItemGroup>
    <None Include="ClassDiagram.cd">
      <Filter>Pliki źródłowe</Filter>
    </None>
  </ItemGroup>
</Project>